{
  "name": "vue-first-practice",
  "version": "1.0.0",
  "lockfileVersion": 3,
  "requires": true,
  "packages": {
    "": {
      "name": "vue-first-practice",
      "version": "1.0.0",
      "license": "ISC",
      "dependencies": {
        "volar": "^0.0.2"
      }
    },
    "node_modules/volar": {
      "version": "0.0.2",
      "resolved": "https://registry.npmjs.org/volar/-/volar-0.0.2.tgz",
      "integrity": "sha512-GOfgP/Nnmodlk5/kftApwJ/p17onmqgD55AYzyvVT504mHp+KsP+SHUkU+8CaM4hskWOKMnjE0Askip8bijZfQ=="
    }
  }
}
